
Microsoft Visual Studio Solution File, Format Version 11.00
# Visual Studio 2010
Project("{FAE04EC0-301F-11D3-BF4B-00C04F79EFBC}") = "PlanEdit", "PlanEdit.csproj", "{FDB1E439-1855-4340-A641-3ACE28FA0615}"
EndProject
Project("{FAE04EC0-301F-11D3-BF4B-00C04F79EFBC}") = "GridWorld", "..\gridWorld\GridWorld.csproj", "{721F485A-C3A7-4340-AD60-A24F08E18323}"
EndProject
Project("{FAE04EC0-301F-11D3-BF4B-00C04F79EFBC}") = "Math3D", "..\components\Math\Math3D.csproj", "{0BC4671F-FF72-4D3E-9889-44382F6C64F2}"
EndProject
Project("{FAE04EC0-301F-11D3-BF4B-00C04F79EFBC}") = "Textures", "..\components\Textures\Textures.csproj", "{8AFCDAAF-5B7F-4955-B27A-224EAA8EEABA}"
EndProject
Project("{FAE04EC0-301F-11D3-BF4B-00C04F79EFBC}") = "Renderer", "..\components\Renderer\Renderer.csproj", "{3320A147-244A-4710-90FB-A20671FEDE59}"
EndProject
Project("{FAE04EC0-301F-11D3-BF4B-00C04F79EFBC}") = "WorldDrawing", "..\WorldDrawing\WorldDrawing.csproj", "{24A40852-BF0F-416C-9ABF-496CFED0BF6E}"
EndProject
Project("{FAE04EC0-301F-11D3-BF4B-00C04F79EFBC}") = "FileLocations", "..\FileLocations\FileLocations.csproj", "{6116C236-5282-47FD-B802-459E12D047FB}"
EndProject
Global
	GlobalSection(SolutionConfigurationPlatforms) = preSolution
		Debug|Any CPU = Debug|Any CPU
		Debug|Mixed Platforms = Debug|Mixed Platforms
		Debug|x86 = Debug|x86
		Release|Any CPU = Release|Any CPU
		Release|Mixed Platforms = Release|Mixed Platforms
		Release|x86 = Release|x86
	EndGlobalSection
	GlobalSection(ProjectConfigurationPlatforms) = postSolution
		{FDB1E439-1855-4340-A641-3ACE28FA0615}.Debug|Any CPU.ActiveCfg = Debug|x86
		{FDB1E439-1855-4340-A641-3ACE28FA0615}.Debug|Mixed Platforms.ActiveCfg = Debug|x86
		{FDB1E439-1855-4340-A641-3ACE28FA0615}.Debug|Mixed Platforms.Build.0 = Debug|x86
		{FDB1E439-1855-4340-A641-3ACE28FA0615}.Debug|x86.ActiveCfg = Debug|x86
		{FDB1E439-1855-4340-A641-3ACE28FA0615}.Debug|x86.Build.0 = Debug|x86
		{FDB1E439-1855-4340-A641-3ACE28FA0615}.Release|Any CPU.ActiveCfg = Release|x86
		{FDB1E439-1855-4340-A641-3ACE28FA0615}.Release|Mixed Platforms.ActiveCfg = Release|x86
		{FDB1E439-1855-4340-A641-3ACE28FA0615}.Release|Mixed Platforms.Build.0 = Release|x86
		{FDB1E439-1855-4340-A641-3ACE28FA0615}.Release|x86.ActiveCfg = Release|x86
		{FDB1E439-1855-4340-A641-3ACE28FA0615}.Release|x86.Build.0 = Release|x86
		{721F485A-C3A7-4340-AD60-A24F08E18323}.Debug|Any CPU.ActiveCfg = Debug|Any CPU
		{721F485A-C3A7-4340-AD60-A24F08E18323}.Debug|Any CPU.Build.0 = Debug|Any CPU
		{721F485A-C3A7-4340-AD60-A24F08E18323}.Debug|Mixed Platforms.ActiveCfg = Debug|Any CPU
		{721F485A-C3A7-4340-AD60-A24F08E18323}.Debug|Mixed Platforms.Build.0 = Debug|Any CPU
		{721F485A-C3A7-4340-AD60-A24F08E18323}.Debug|x86.ActiveCfg = Debug|Any CPU
		{721F485A-C3A7-4340-AD60-A24F08E18323}.Release|Any CPU.ActiveCfg = Release|Any CPU
		{721F485A-C3A7-4340-AD60-A24F08E18323}.Release|Any CPU.Build.0 = Release|Any CPU
		{721F485A-C3A7-4340-AD60-A24F08E18323}.Release|Mixed Platforms.ActiveCfg = Release|Any CPU
		{721F485A-C3A7-4340-AD60-A24F08E18323}.Release|Mixed Platforms.Build.0 = Release|Any CPU
		{721F485A-C3A7-4340-AD60-A24F08E18323}.Release|x86.ActiveCfg = Release|Any CPU
		{0BC4671F-FF72-4D3E-9889-44382F6C64F2}.Debug|Any CPU.ActiveCfg = Debug|Any CPU
		{0BC4671F-FF72-4D3E-9889-44382F6C64F2}.Debug|Any CPU.Build.0 = Debug|Any CPU
		{0BC4671F-FF72-4D3E-9889-44382F6C64F2}.Debug|Mixed Platforms.ActiveCfg = Debug|Any CPU
		{0BC4671F-FF72-4D3E-9889-44382F6C64F2}.Debug|Mixed Platforms.Build.0 = Debug|Any CPU
		{0BC4671F-FF72-4D3E-9889-44382F6C64F2}.Debug|x86.ActiveCfg = Debug|Any CPU
		{0BC4671F-FF72-4D3E-9889-44382F6C64F2}.Release|Any CPU.ActiveCfg = Release|Any CPU
		{0BC4671F-FF72-4D3E-9889-44382F6C64F2}.Release|Any CPU.Build.0 = Release|Any CPU
		{0BC4671F-FF72-4D3E-9889-44382F6C64F2}.Release|Mixed Platforms.ActiveCfg = Release|Any CPU
		{0BC4671F-FF72-4D3E-9889-44382F6C64F2}.Release|Mixed Platforms.Build.0 = Release|Any CPU
		{0BC4671F-FF72-4D3E-9889-44382F6C64F2}.Release|x86.ActiveCfg = Release|Any CPU
		{8AFCDAAF-5B7F-4955-B27A-224EAA8EEABA}.Debug|Any CPU.ActiveCfg = Debug|Any CPU
		{8AFCDAAF-5B7F-4955-B27A-224EAA8EEABA}.Debug|Any CPU.Build.0 = Debug|Any CPU
		{8AFCDAAF-5B7F-4955-B27A-224EAA8EEABA}.Debug|Mixed Platforms.ActiveCfg = Debug|Any CPU
		{8AFCDAAF-5B7F-4955-B27A-224EAA8EEABA}.Debug|Mixed Platforms.Build.0 = Debug|Any CPU
		{8AFCDAAF-5B7F-4955-B27A-224EAA8EEABA}.Debug|x86.ActiveCfg = Debug|Any CPU
		{8AFCDAAF-5B7F-4955-B27A-224EAA8EEABA}.Release|Any CPU.ActiveCfg = Release|Any CPU
		{8AFCDAAF-5B7F-4955-B27A-224EAA8EEABA}.Release|Any CPU.Build.0 = Release|Any CPU
		{8AFCDAAF-5B7F-4955-B27A-224EAA8EEABA}.Release|Mixed Platforms.ActiveCfg = Release|Any CPU
		{8AFCDAAF-5B7F-4955-B27A-224EAA8EEABA}.Release|Mixed Platforms.Build.0 = Release|Any CPU
		{8AFCDAAF-5B7F-4955-B27A-224EAA8EEABA}.Release|x86.ActiveCfg = Release|Any CPU
		{3320A147-244A-4710-90FB-A20671FEDE59}.Debug|Any CPU.ActiveCfg = Debug|Any CPU
		{3320A147-244A-4710-90FB-A20671FEDE59}.Debug|Any CPU.Build.0 = Debug|Any CPU
		{3320A147-244A-4710-90FB-A20671FEDE59}.Debug|Mixed Platforms.ActiveCfg = Debug|Any CPU
		{3320A147-244A-4710-90FB-A20671FEDE59}.Debug|Mixed Platforms.Build.0 = Debug|Any CPU
		{3320A147-244A-4710-90FB-A20671FEDE59}.Debug|x86.ActiveCfg = Debug|Any CPU
		{3320A147-244A-4710-90FB-A20671FEDE59}.Release|Any CPU.ActiveCfg = Release|Any CPU
		{3320A147-244A-4710-90FB-A20671FEDE59}.Release|Any CPU.Build.0 = Release|Any CPU
		{3320A147-244A-4710-90FB-A20671FEDE59}.Release|Mixed Platforms.ActiveCfg = Release|Any CPU
		{3320A147-244A-4710-90FB-A20671FEDE59}.Release|Mixed Platforms.Build.0 = Release|Any CPU
		{3320A147-244A-4710-90FB-A20671FEDE59}.Release|x86.ActiveCfg = Release|Any CPU
		{24A40852-BF0F-416C-9ABF-496CFED0BF6E}.Debug|Any CPU.ActiveCfg = Debug|Any CPU
		{24A40852-BF0F-416C-9ABF-496CFED0BF6E}.Debug|Any CPU.Build.0 = Debug|Any CPU
		{24A40852-BF0F-416C-9ABF-496CFED0BF6E}.Debug|Mixed Platforms.ActiveCfg = Debug|Any CPU
		{24A40852-BF0F-416C-9ABF-496CFED0BF6E}.Debug|Mixed Platforms.Build.0 = Debug|Any CPU
		{24A40852-BF0F-416C-9ABF-496CFED0BF6E}.Debug|x86.ActiveCfg = Debug|Any CPU
		{24A40852-BF0F-416C-9ABF-496CFED0BF6E}.Release|Any CPU.ActiveCfg = Release|Any CPU
		{24A40852-BF0F-416C-9ABF-496CFED0BF6E}.Release|Any CPU.Build.0 = Release|Any CPU
		{24A40852-BF0F-416C-9ABF-496CFED0BF6E}.Release|Mixed Platforms.ActiveCfg = Release|Any CPU
		{24A40852-BF0F-416C-9ABF-496CFED0BF6E}.Release|Mixed Platforms.Build.0 = Release|Any CPU
		{24A40852-BF0F-416C-9ABF-496CFED0BF6E}.Release|x86.ActiveCfg = Release|Any CPU
		{6116C236-5282-47FD-B802-459E12D047FB}.Debug|Any CPU.ActiveCfg = Debug|Any CPU
		{6116C236-5282-47FD-B802-459E12D047FB}.Debug|Any CPU.Build.0 = Debug|Any CPU
		{6116C236-5282-47FD-B802-459E12D047FB}.Debug|Mixed Platforms.ActiveCfg = Debug|Any CPU
		{6116C236-5282-47FD-B802-459E12D047FB}.Debug|Mixed Platforms.Build.0 = Debug|Any CPU
		{6116C236-5282-47FD-B802-459E12D047FB}.Debug|x86.ActiveCfg = Debug|Any CPU
		{6116C236-5282-47FD-B802-459E12D047FB}.Release|Any CPU.ActiveCfg = Release|Any CPU
		{6116C236-5282-47FD-B802-459E12D047FB}.Release|Any CPU.Build.0 = Release|Any CPU
		{6116C236-5282-47FD-B802-459E12D047FB}.Release|Mixed Platforms.ActiveCfg = Release|Any CPU
		{6116C236-5282-47FD-B802-459E12D047FB}.Release|Mixed Platforms.Build.0 = Release|Any CPU
		{6116C236-5282-47FD-B802-459E12D047FB}.Release|x86.ActiveCfg = Release|Any CPU
	EndGlobalSection
	GlobalSection(SolutionProperties) = preSolution
		HideSolutionNode = FALSE
	EndGlobalSection
EndGlobal
