
Microsoft Visual Studio Solution File, Format Version 10.00
# Visual Studio 2008
Project("{FAE04EC0-301F-11D3-BF4B-00C04F79EFBC}") = "gzipper", "gzipper.csproj", "{F8F71398-0B47-4187-A206-E127FDED545D}"
EndProject
Global
	GlobalSection(DPCodeReviewSolutionGUID) = preSolution
		DPCodeReviewSolutionGUID = {00000000-0000-0000-0000-000000000000}
	EndGlobalSection
	GlobalSection(SolutionConfigurationPlatforms) = preSolution
		Debug|Any CPU = Debug|Any CPU
		Release|Any CPU = Release|Any CPU
	EndGlobalSection
	GlobalSection(ProjectConfigurationPlatforms) = postSolution
		{F8F71398-0B47-4187-A206-E127FDED545D}.Debug|Any CPU.ActiveCfg = Debug|Any CPU
		{F8F71398-0B47-4187-A206-E127FDED545D}.Debug|Any CPU.Build.0 = Debug|Any CPU
		{F8F71398-0B47-4187-A206-E127FDED545D}.Release|Any CPU.ActiveCfg = Release|Any CPU
		{F8F71398-0B47-4187-A206-E127FDED545D}.Release|Any CPU.Build.0 = Release|Any CPU
	EndGlobalSection
	GlobalSection(SolutionProperties) = preSolution
		HideSolutionNode = FALSE
	EndGlobalSection
EndGlobal
